// !$*UTF8*$!
{
	archiveVersion = 1;
	classes = {
	};
	objectVersion = 55;
	objects = {

/* Begin PBXBuildFile section */
		24EE9BFE28429760003A51B8 /* AppDelegate.swift in Sources */ = {isa = PBXBuildFile; fileRef = 24EE9BFD28429760003A51B8 /* AppDelegate.swift */; };
		24EE9C0028429760003A51B8 /* SceneDelegate.swift in Sources */ = {isa = PBXBuildFile; fileRef = 24EE9BFF28429760003A51B8 /* SceneDelegate.swift */; };
		24EE9C0228429760003A51B8 /* HomeViewController.swift in Sources */ = {isa = PBXBuildFile; fileRef = 24EE9C0128429760003A51B8 /* HomeViewController.swift */; };
		24EE9C0528429760003A51B8 /* Main.storyboard in Resources */ = {isa = PBXBuildFile; fileRef = 24EE9C0328429760003A51B8 /* Main.storyboard */; };
		24EE9C0728429762003A51B8 /* Assets.xcassets in Resources */ = {isa = PBXBuildFile; fileRef = 24EE9C0628429762003A51B8 /* Assets.xcassets */; };
		24EE9C0A28429762003A51B8 /* LaunchScreen.storyboard in Resources */ = {isa = PBXBuildFile; fileRef = 24EE9C0828429762003A51B8 /* LaunchScreen.storyboard */; };
		24EE9C1728429A22003A51B8 /* NotificationsViewController.swift in Sources */ = {isa = PBXBuildFile; fileRef = 24EE9C1628429A22003A51B8 /* NotificationsViewController.swift */; };
		24EE9C1928429A44003A51B8 /* EducationViewController.swift in Sources */ = {isa = PBXBuildFile; fileRef = 24EE9C1828429A44003A51B8 /* EducationViewController.swift */; };
		24EE9C1B28429A64003A51B8 /* ProfileViewController.swift in Sources */ = {isa = PBXBuildFile; fileRef = 24EE9C1A28429A64003A51B8 /* ProfileViewController.swift */; };
		24EE9C2028429BFD003A51B8 /* LoginViewController.swift in Sources */ = {isa = PBXBuildFile; fileRef = 24EE9C1F28429BFD003A51B8 /* LoginViewController.swift */; };
		24EE9C2228429C0A003A51B8 /* RegistrationViewController.swift in Sources */ = {isa = PBXBuildFile; fileRef = 24EE9C2128429C0A003A51B8 /* RegistrationViewController.swift */; };
		24EE9C2428429C3D003A51B8 /* TradeDetailsViewController.swift in Sources */ = {isa = PBXBuildFile; fileRef = 24EE9C2328429C3D003A51B8 /* TradeDetailsViewController.swift */; };
		24EE9C2628429CAB003A51B8 /* EditProfileViewController.swift in Sources */ = {isa = PBXBuildFile; fileRef = 24EE9C2528429CAB003A51B8 /* EditProfileViewController.swift */; };
		24EE9C2828429CDF003A51B8 /* SettingsViewController.swift in Sources */ = {isa = PBXBuildFile; fileRef = 24EE9C2728429CDF003A51B8 /* SettingsViewController.swift */; };
		24EE9C2A2842B4EA003A51B8 /* GoogleService-Info.plist in Resources */ = {isa = PBXBuildFile; fileRef = 24EE9C292842B4EA003A51B8 /* GoogleService-Info.plist */; };
		24EE9C2D2842B9CA003A51B8 /* DatabaseManager.swift in Sources */ = {isa = PBXBuildFile; fileRef = 24EE9C2C2842B9CA003A51B8 /* DatabaseManager.swift */; };
		24EE9C2F2842BA59003A51B8 /* AuthManager.swift in Sources */ = {isa = PBXBuildFile; fileRef = 24EE9C2E2842BA59003A51B8 /* AuthManager.swift */; };
		24EE9C312842BAB9003A51B8 /* StorageManager.swift in Sources */ = {isa = PBXBuildFile; fileRef = 24EE9C302842BAB9003A51B8 /* StorageManager.swift */; };
		336216634E2F004AA432FA53 /* Pods_ForexAlerts.framework in Frameworks */ = {isa = PBXBuildFile; fileRef = 6D3D764E8EE01A36D281FB0B /* Pods_ForexAlerts.framework */; };
/* End PBXBuildFile section */

/* Begin PBXFileReference section */
		24EE9BFA28429760003A51B8 /* ForexAlerts.app */ = {isa = PBXFileReference; explicitFileType = wrapper.application; includeInIndex = 0; path = ForexAlerts.app; sourceTree = BUILT_PRODUCTS_DIR; };
		24EE9BFD28429760003A51B8 /* AppDelegate.swift */ = {isa = PBXFileReference; lastKnownFileType = sourcecode.swift; path = AppDelegate.swift; sourceTree = "<group>"; };
		24EE9BFF28429760003A51B8 /* SceneDelegate.swift */ = {isa = PBXFileReference; lastKnownFileType = sourcecode.swift; path = SceneDelegate.swift; sourceTree = "<group>"; };
		24EE9C0128429760003A51B8 /* HomeViewController.swift */ = {isa = PBXFileReference; lastKnownFileType = sourcecode.swift; path = HomeViewController.swift; sourceTree = "<group>"; };
		24EE9C0428429760003A51B8 /* Base */ = {isa = PBXFileReference; lastKnownFileType = file.storyboard; name = Base; path = Base.lproj/Main.storyboard; sourceTree = "<group>"; };
		24EE9C0628429762003A51B8 /* Assets.xcassets */ = {isa = PBXFileReference; lastKnownFileType = folder.assetcatalog; path = Assets.xcassets; sourceTree = "<group>"; };
		24EE9C0928429762003A51B8 /* Base */ = {isa = PBXFileReference; lastKnownFileType = file.storyboard; name = Base; path = Base.lproj/LaunchScreen.storyboard; sourceTree = "<group>"; };
		24EE9C0B28429762003A51B8 /* Info.plist */ = {isa = PBXFileReference; lastKnownFileType = text.plist.xml; path = Info.plist; sourceTree = "<group>"; };
		24EE9C1628429A22003A51B8 /* NotificationsViewController.swift */ = {isa = PBXFileReference; lastKnownFileType = sourcecode.swift; path = NotificationsViewController.swift; sourceTree = "<group>"; };
		24EE9C1828429A44003A51B8 /* EducationViewController.swift */ = {isa = PBXFileReference; lastKnownFileType = sourcecode.swift; path = EducationViewController.swift; sourceTree = "<group>"; };
		24EE9C1A28429A64003A51B8 /* ProfileViewController.swift */ = {isa = PBXFileReference; lastKnownFileType = sourcecode.swift; path = ProfileViewController.swift; sourceTree = "<group>"; };
		24EE9C1F28429BFD003A51B8 /* LoginViewController.swift */ = {isa = PBXFileReference; lastKnownFileType = sourcecode.swift; path = LoginViewController.swift; sourceTree = "<group>"; };
		24EE9C2128429C0A003A51B8 /* RegistrationViewController.swift */ = {isa = PBXFileReference; lastKnownFileType = sourcecode.swift; path = RegistrationViewController.swift; sourceTree = "<group>"; };
		24EE9C2328429C3D003A51B8 /* TradeDetailsViewController.swift */ = {isa = PBXFileReference; lastKnownFileType = sourcecode.swift; path = TradeDetailsViewController.swift; sourceTree = "<group>"; };
		24EE9C2528429CAB003A51B8 /* EditProfileViewController.swift */ = {isa = PBXFileReference; lastKnownFileType = sourcecode.swift; path = EditProfileViewController.swift; sourceTree = "<group>"; };
		24EE9C2728429CDF003A51B8 /* SettingsViewController.swift */ = {isa = PBXFileReference; lastKnownFileType = sourcecode.swift; path = SettingsViewController.swift; sourceTree = "<group>"; };
		24EE9C292842B4EA003A51B8 /* GoogleService-Info.plist */ = {isa = PBXFileReference; fileEncoding = 4; lastKnownFileType = text.plist.xml; path = "GoogleService-Info.plist"; sourceTree = "<group>"; };
		24EE9C2C2842B9CA003A51B8 /* DatabaseManager.swift */ = {isa = PBXFileReference; lastKnownFileType = sourcecode.swift; path = DatabaseManager.swift; sourceTree = "<group>"; };
		24EE9C2E2842BA59003A51B8 /* AuthManager.swift */ = {isa = PBXFileReference; lastKnownFileType = sourcecode.swift; path = AuthManager.swift; sourceTree = "<group>"; };
		24EE9C302842BAB9003A51B8 /* StorageManager.swift */ = {isa = PBXFileReference; lastKnownFileType = sourcecode.swift; path = StorageManager.swift; sourceTree = "<group>"; };
		6D3D764E8EE01A36D281FB0B /* Pods_ForexAlerts.framework */ = {isa = PBXFileReference; explicitFileType = wrapper.framework; includeInIndex = 0; path = Pods_ForexAlerts.framework; sourceTree = BUILT_PRODUCTS_DIR; };
		B322EAE9CDAE37F2AA21D2D9 /* Pods-ForexAlerts.release.xcconfig */ = {isa = PBXFileReference; includeInIndex = 1; lastKnownFileType = text.xcconfig; name = "Pods-ForexAlerts.release.xcconfig"; path = "Target Support Files/Pods-ForexAlerts/Pods-ForexAlerts.release.xcconfig"; sourceTree = "<group>"; };
		F1118EFE43819E914585F6BF /* Pods-ForexAlerts.debug.xcconfig */ = {isa = PBXFileReference; includeInIndex = 1; lastKnownFileType = text.xcconfig; name = "Pods-ForexAlerts.debug.xcconfig"; path = "Target Support Files/Pods-ForexAlerts/Pods-ForexAlerts.debug.xcconfig"; sourceTree = "<group>"; };
/* End PBXFileReference section */

/* Begin PBXFrameworksBuildPhase section */
		24EE9BF728429760003A51B8 /* Frameworks */ = {
			isa = PBXFrameworksBuildPhase;
			buildActionMask = 2147483647;
			files = (
				336216634E2F004AA432FA53 /* Pods_ForexAlerts.framework in Frameworks */,
			);
			runOnlyForDeploymentPostprocessing = 0;
		};
/* End PBXFrameworksBuildPhase section */

/* Begin PBXGroup section */
		24EE9BF128429760003A51B8 = {
			isa = PBXGroup;
			children = (
				24EE9BFC28429760003A51B8 /* ForexAlerts */,
				24EE9BFB28429760003A51B8 /* Products */,
				A95525F56392AEEF76175095 /* Pods */,
				E5AC1198423B41F71E86546D /* Frameworks */,
			);
			sourceTree = "<group>";
		};
		24EE9BFB28429760003A51B8 /* Products */ = {
			isa = PBXGroup;
			children = (
				24EE9BFA28429760003A51B8 /* ForexAlerts.app */,
			);
			name = Products;
			sourceTree = "<group>";
		};
		24EE9BFC28429760003A51B8 /* ForexAlerts */ = {
			isa = PBXGroup;
			children = (
				24EE9C14284297C3003A51B8 /* Resources */,
				24EE9C13284297BC003A51B8 /* Models */,
				24EE9C12284297B7003A51B8 /* Views */,
				24EE9C11284297B0003A51B8 /* Controllers */,
				24EE9C0B28429762003A51B8 /* Info.plist */,
			);
			path = ForexAlerts;
			sourceTree = "<group>";
		};
		24EE9C11284297B0003A51B8 /* Controllers */ = {
			isa = PBXGroup;
			children = (
				24EE9C1E28429BD2003A51B8 /* Other */,
				24EE9C1C28429B57003A51B8 /* Core Tabs */,
			);
			path = Controllers;
			sourceTree = "<group>";
		};
		24EE9C12284297B7003A51B8 /* Views */ = {
			isa = PBXGroup;
			children = (
				24EE9C0628429762003A51B8 /* Assets.xcassets */,
				24EE9C15284297EE003A51B8 /* Storyboards */,
			);
			path = Views;
			sourceTree = "<group>";
		};
		24EE9C13284297BC003A51B8 /* Models */ = {
			isa = PBXGroup;
			children = (
			);
			path = Models;
			sourceTree = "<group>";
		};
		24EE9C14284297C3003A51B8 /* Resources */ = {
			isa = PBXGroup;
			children = (
				24EE9C292842B4EA003A51B8 /* GoogleService-Info.plist */,
				24EE9BFD28429760003A51B8 /* AppDelegate.swift */,
				24EE9BFF28429760003A51B8 /* SceneDelegate.swift */,
				24EE9C2C2842B9CA003A51B8 /* DatabaseManager.swift */,
				24EE9C2E2842BA59003A51B8 /* AuthManager.swift */,
				24EE9C302842BAB9003A51B8 /* StorageManager.swift */,
			);
			path = Resources;
			sourceTree = "<group>";
		};
		24EE9C15284297EE003A51B8 /* Storyboards */ = {
			isa = PBXGroup;
			children = (
				24EE9C0328429760003A51B8 /* Main.storyboard */,
				24EE9C0828429762003A51B8 /* LaunchScreen.storyboard */,
			);
			path = Storyboards;
			sourceTree = "<group>";
		};
		24EE9C1C28429B57003A51B8 /* Core Tabs */ = {
			isa = PBXGroup;
			children = (
				24EE9C0128429760003A51B8 /* HomeViewController.swift */,
				24EE9C1628429A22003A51B8 /* NotificationsViewController.swift */,
				24EE9C1A28429A64003A51B8 /* ProfileViewController.swift */,
				24EE9C1828429A44003A51B8 /* EducationViewController.swift */,
			);
			path = "Core Tabs";
			sourceTree = "<group>";
		};
		24EE9C1D28429BC9003A51B8 /* Onboarding */ = {
			isa = PBXGroup;
			children = (
				24EE9C1F28429BFD003A51B8 /* LoginViewController.swift */,
				24EE9C2128429C0A003A51B8 /* RegistrationViewController.swift */,
			);
			path = Onboarding;
			sourceTree = "<group>";
		};
		24EE9C1E28429BD2003A51B8 /* Other */ = {
			isa = PBXGroup;
			children = (
				24EE9C1D28429BC9003A51B8 /* Onboarding */,
				24EE9C2B2842B901003A51B8 /* General */,
			);
			path = Other;
			sourceTree = "<group>";
		};
		24EE9C2B2842B901003A51B8 /* General */ = {
			isa = PBXGroup;
			children = (
				24EE9C2328429C3D003A51B8 /* TradeDetailsViewController.swift */,
				24EE9C2728429CDF003A51B8 /* SettingsViewController.swift */,
				24EE9C2528429CAB003A51B8 /* EditProfileViewController.swift */,
			);
			path = General;
			sourceTree = "<group>";
		};
		A95525F56392AEEF76175095 /* Pods */ = {
			isa = PBXGroup;
			children = (
				F1118EFE43819E914585F6BF /* Pods-ForexAlerts.debug.xcconfig */,
				B322EAE9CDAE37F2AA21D2D9 /* Pods-ForexAlerts.release.xcconfig */,
			);
			path = Pods;
			sourceTree = "<group>";
		};
		E5AC1198423B41F71E86546D /* Frameworks */ = {
			isa = PBXGroup;
			children = (
				6D3D764E8EE01A36D281FB0B /* Pods_ForexAlerts.framework */,
			);
			name = Frameworks;
			sourceTree = "<group>";
		};
/* End PBXGroup section */

/* Begin PBXNativeTarget section */
		24EE9BF928429760003A51B8 /* ForexAlerts */ = {
			isa = PBXNativeTarget;
			buildConfigurationList = 24EE9C0E28429762003A51B8 /* Build configuration list for PBXNativeTarget "ForexAlerts" */;
			buildPhases = (
				A7B76A749CBD6EA81DB7F017 /* [CP] Check Pods Manifest.lock */,
				24EE9BF628429760003A51B8 /* Sources */,
				24EE9BF728429760003A51B8 /* Frameworks */,
				24EE9BF828429760003A51B8 /* Resources */,
				5D0D30B901FBCBADD31E0016 /* [CP] Embed Pods Frameworks */,
			);
			buildRules = (
			);
			dependencies = (
			);
			name = ForexAlerts;
			productName = ForexAlerts;
			productReference = 24EE9BFA28429760003A51B8 /* ForexAlerts.app */;
			productType = "com.apple.product-type.application";
		};
/* End PBXNativeTarget section */

/* Begin PBXProject section */
		24EE9BF228429760003A51B8 /* Project object */ = {
			isa = PBXProject;
			attributes = {
				BuildIndependentTargetsInParallel = 1;
				LastSwiftUpdateCheck = 1340;
				LastUpgradeCheck = 1340;
				TargetAttributes = {
					24EE9BF928429760003A51B8 = {
						CreatedOnToolsVersion = 13.4;
					};
				};
			};
			buildConfigurationList = 24EE9BF528429760003A51B8 /* Build configuration list for PBXProject "ForexAlerts" */;
			compatibilityVersion = "Xcode 13.0";
			developmentRegion = en;
			hasScannedForEncodings = 0;
			knownRegions = (
				en,
				Base,
			);
			mainGroup = 24EE9BF128429760003A51B8;
			productRefGroup = 24EE9BFB28429760003A51B8 /* Products */;
			projectDirPath = "";
			projectRoot = "";
			targets = (
				24EE9BF928429760003A51B8 /* ForexAlerts */,
			);
		};
/* End PBXProject section */

/* Begin PBXResourcesBuildPhase section */
		24EE9BF828429760003A51B8 /* Resources */ = {
			isa = PBXResourcesBuildPhase;
			buildActionMask = 2147483647;
			files = (
				24EE9C0A28429762003A51B8 /* LaunchScreen.storyboard in Resources */,
				24EE9C2A2842B4EA003A51B8 /* GoogleService-Info.plist in Resources */,
				24EE9C0728429762003A51B8 /* Assets.xcassets in Resources */,
				24EE9C0528429760003A51B8 /* Main.storyboard in Resources */,
			);
			runOnlyForDeploymentPostprocessing = 0;
		};
/* End PBXResourcesBuildPhase section */

/* Begin PBXShellScriptBuildPhase section */
		5D0D30B901FBCBADD31E0016 /* [CP] Embed Pods Frameworks */ = {
			isa = PBXShellScriptBuildPhase;
			buildActionMask = 2147483647;
			files = (
			);
			inputFileListPaths = (
				"${PODS_ROOT}/Target Support Files/Pods-ForexAlerts/Pods-ForexAlerts-frameworks-${CONFIGURATION}-input-files.xcfilelist",
			);
			name = "[CP] Embed Pods Frameworks";
			outputFileListPaths = (
				"${PODS_ROOT}/Target Support Files/Pods-ForexAlerts/Pods-ForexAlerts-frameworks-${CONFIGURATION}-output-files.xcfilelist",
			);
			runOnlyForDeploymentPostprocessing = 0;
			shellPath = /bin/sh;
			shellScript = "\"${PODS_ROOT}/Target Support Files/Pods-ForexAlerts/Pods-ForexAlerts-frameworks.sh\"\n";
			showEnvVarsInLog = 0;
		};
		A7B76A749CBD6EA81DB7F017 /* [CP] Check Pods Manifest.lock */ = {
			isa = PBXShellScriptBuildPhase;
			buildActionMask = 2147483647;
			files = (
			);
			inputFileListPaths = (
			);
			inputPaths = (
				"${PODS_PODFILE_DIR_PATH}/Podfile.lock",
				"${PODS_ROOT}/Manifest.lock",
			);
			name = "[CP] Check Pods Manifest.lock";
			outputFileListPaths = (
			);
			outputPaths = (
				"$(DERIVED_FILE_DIR)/Pods-ForexAlerts-checkManifestLockResult.txt",
			);
			runOnlyForDeploymentPostprocessing = 0;
			shellPath = /bin/sh;
			shellScript = "diff \"${PODS_PODFILE_DIR_PATH}/Podfile.lock\" \"${PODS_ROOT}/Manifest.lock\" > /dev/null\nif [ $? != 0 ] ; then\n    # print error to STDERR\n    echo \"error: The sandbox is not in sync with the Podfile.lock. Run 'pod install' or update your CocoaPods installation.\" >&2\n    exit 1\nfi\n# This output is used by Xcode 'outputs' to avoid re-running this script phase.\necho \"SUCCESS\" > \"${SCRIPT_OUTPUT_FILE_0}\"\n";
			showEnvVarsInLog = 0;
		};
/* End PBXShellScriptBuildPhase section */

/* Begin PBXSourcesBuildPhase section */
		24EE9BF628429760003A51B8 /* Sources */ = {
			isa = PBXSourcesBuildPhase;
			buildActionMask = 2147483647;
			files = (
				24EE9C2028429BFD003A51B8 /* LoginViewController.swift in Sources */,
				24EE9C0228429760003A51B8 /* HomeViewController.swift in Sources */,
				24EE9C2828429CDF003A51B8 /* SettingsViewController.swift in Sources */,
				24EE9C312842BAB9003A51B8 /* StorageManager.swift in Sources */,
				24EE9C2F2842BA59003A51B8 /* AuthManager.swift in Sources */,
				24EE9C2228429C0A003A51B8 /* RegistrationViewController.swift in Sources */,
				24EE9C2428429C3D003A51B8 /* TradeDetailsViewController.swift in Sources */,
				24EE9BFE28429760003A51B8 /* AppDelegate.swift in Sources */,
				24EE9C1B28429A64003A51B8 /* ProfileViewController.swift in Sources */,
				24EE9C0028429760003A51B8 /* SceneDelegate.swift in Sources */,
				24EE9C2D2842B9CA003A51B8 /* DatabaseManager.swift in Sources */,
				24EE9C1928429A44003A51B8 /* EducationViewController.swift in Sources */,
				24EE9C2628429CAB003A51B8 /* EditProfileViewController.swift in Sources */,
				24EE9C1728429A22003A51B8 /* NotificationsViewController.swift in Sources */,
			);
			runOnlyForDeploymentPostprocessing = 0;
		};
/* End PBXSourcesBuildPhase section */

/* Begin PBXVariantGroup section */
		24EE9C0328429760003A51B8 /* Main.storyboard */ = {
			isa = PBXVariantGroup;
			children = (
				24EE9C0428429760003A51B8 /* Base */,
			);
			name = Main.storyboard;
			sourceTree = "<group>";
		};
		24EE9C0828429762003A51B8 /* LaunchScreen.storyboard */ = {
			isa = PBXVariantGroup;
			children = (
				24EE9C0928429762003A51B8 /* Base */,
			);
			name = LaunchScreen.storyboard;
			sourceTree = "<group>";
		};
/* End PBXVariantGroup section */

/* Begin XCBuildConfiguration section */
		24EE9C0C28429762003A51B8 /* Debug */ = {
			isa = XCBuildConfiguration;
			buildSettings = {
				ALWAYS_SEARCH_USER_PATHS = NO;
				CLANG_ANALYZER_NONNULL = YES;
				CLANG_ANALYZER_NUMBER_OBJECT_CONVERSION = YES_AGGRESSIVE;
				CLANG_CXX_LANGUAGE_STANDARD = "gnu++17";
				CLANG_ENABLE_MODULES = YES;
				CLANG_ENABLE_OBJC_ARC = YES;
				CLANG_ENABLE_OBJC_WEAK = YES;
				CLANG_WARN_BLOCK_CAPTURE_AUTORELEASING = YES;
				CLANG_WARN_BOOL_CONVERSION = YES;
				CLANG_WARN_COMMA = YES;
				CLANG_WARN_CONSTANT_CONVERSION = YES;
				CLANG_WARN_DEPRECATED_OBJC_IMPLEMENTATIONS = YES;
				CLANG_WARN_DIRECT_OBJC_ISA_USAGE = YES_ERROR;
				CLANG_WARN_DOCUMENTATION_COMMENTS = YES;
				CLANG_WARN_EMPTY_BODY = YES;
				CLANG_WARN_ENUM_CONVERSION = YES;
				CLANG_WARN_INFINITE_RECURSION = YES;
				CLANG_WARN_INT_CONVERSION = YES;
				CLANG_WARN_NON_LITERAL_NULL_CONVERSION = YES;
				CLANG_WARN_OBJC_IMPLICIT_RETAIN_SELF = YES;
				CLANG_WARN_OBJC_LITERAL_CONVERSION = YES;
				CLANG_WARN_OBJC_ROOT_CLASS = YES_ERROR;
				CLANG_WARN_QUOTED_INCLUDE_IN_FRAMEWORK_HEADER = YES;
				CLANG_WARN_RANGE_LOOP_ANALYSIS = YES;
				CLANG_WARN_STRICT_PROTOTYPES = YES;
				CLANG_WARN_SUSPICIOUS_MOVE = YES;
				CLANG_WARN_UNGUARDED_AVAILABILITY = YES_AGGRESSIVE;
				CLANG_WARN_UNREACHABLE_CODE = YES;
				CLANG_WARN__DUPLICATE_METHOD_MATCH = YES;
				COPY_PHASE_STRIP = NO;
				DEBUG_INFORMATION_FORMAT = dwarf;
				ENABLE_STRICT_OBJC_MSGSEND = YES;
				ENABLE_TESTABILITY = YES;
				GCC_C_LANGUAGE_STANDARD = gnu11;
				GCC_DYNAMIC_NO_PIC = NO;
				GCC_NO_COMMON_BLOCKS = YES;
				GCC_OPTIMIZATION_LEVEL = 0;
				GCC_PREPROCESSOR_DEFINITIONS = (
					"DEBUG=1",
					"$(inherited)",
				);
				GCC_WARN_64_TO_32_BIT_CONVERSION = YES;
				GCC_WARN_ABOUT_RETURN_TYPE = YES_ERROR;
				GCC_WARN_UNDECLARED_SELECTOR = YES;
				GCC_WARN_UNINITIALIZED_AUTOS = YES_AGGRESSIVE;
				GCC_WARN_UNUSED_FUNCTION = YES;
				GCC_WARN_UNUSED_VARIABLE = YES;
				IPHONEOS_DEPLOYMENT_TARGET = 15.5;
				MTL_ENABLE_DEBUG_INFO = INCLUDE_SOURCE;
				MTL_FAST_MATH = YES;
				ONLY_ACTIVE_ARCH = YES;
				SDKROOT = iphoneos;
				SWIFT_ACTIVE_COMPILATION_CONDITIONS = DEBUG;
				SWIFT_OPTIMIZATION_LEVEL = "-Onone";
			};
			name = Debug;
		};
		24EE9C0D28429762003A51B8 /* Release */ = {
			isa = XCBuildConfiguration;
			buildSettings = {
				ALWAYS_SEARCH_USER_PATHS = NO;
				CLANG_ANALYZER_NONNULL = YES;
				CLANG_ANALYZER_NUMBER_OBJECT_CONVERSION = YES_AGGRESSIVE;
				CLANG_CXX_LANGUAGE_STANDARD = "gnu++17";
				CLANG_ENABLE_MODULES = YES;
				CLANG_ENABLE_OBJC_ARC = YES;
				CLANG_ENABLE_OBJC_WEAK = YES;
				CLANG_WARN_BLOCK_CAPTURE_AUTORELEASING = YES;
				CLANG_WARN_BOOL_CONVERSION = YES;
				CLANG_WARN_COMMA = YES;
				CLANG_WARN_CONSTANT_CONVERSION = YES;
				CLANG_WARN_DEPRECATED_OBJC_IMPLEMENTATIONS = YES;
				CLANG_WARN_DIRECT_OBJC_ISA_USAGE = YES_ERROR;
				CLANG_WARN_DOCUMENTATION_COMMENTS = YES;
				CLANG_WARN_EMPTY_BODY = YES;
				CLANG_WARN_ENUM_CONVERSION = YES;
				CLANG_WARN_INFINITE_RECURSION = YES;
				CLANG_WARN_INT_CONVERSION = YES;
				CLANG_WARN_NON_LITERAL_NULL_CONVERSION = YES;
				CLANG_WARN_OBJC_IMPLICIT_RETAIN_SELF = YES;
				CLANG_WARN_OBJC_LITERAL_CONVERSION = YES;
				CLANG_WARN_OBJC_ROOT_CLASS = YES_ERROR;
				CLANG_WARN_QUOTED_INCLUDE_IN_FRAMEWORK_HEADER = YES;
				CLANG_WARN_RANGE_LOOP_ANALYSIS = YES;
				CLANG_WARN_STRICT_PROTOTYPES = YES;
				CLANG_WARN_SUSPICIOUS_MOVE = YES;
				CLANG_WARN_UNGUARDED_AVAILABILITY = YES_AGGRESSIVE;
				CLANG_WARN_UNREACHABLE_CODE = YES;
				CLANG_WARN__DUPLICATE_METHOD_MATCH = YES;
				COPY_PHASE_STRIP = NO;
				DEBUG_INFORMATION_FORMAT = "dwarf-with-dsym";
				ENABLE_NS_ASSERTIONS = NO;
				ENABLE_STRICT_OBJC_MSGSEND = YES;
				GCC_C_LANGUAGE_STANDARD = gnu11;
				GCC_NO_COMMON_BLOCKS = YES;
				GCC_WARN_64_TO_32_BIT_CONVERSION = YES;
				GCC_WARN_ABOUT_RETURN_TYPE = YES_ERROR;
				GCC_WARN_UNDECLARED_SELECTOR = YES;
				GCC_WARN_UNINITIALIZED_AUTOS = YES_AGGRESSIVE;
				GCC_WARN_UNUSED_FUNCTION = YES;
				GCC_WARN_UNUSED_VARIABLE = YES;
				IPHONEOS_DEPLOYMENT_TARGET = 15.5;
				MTL_ENABLE_DEBUG_INFO = NO;
				MTL_FAST_MATH = YES;
				SDKROOT = iphoneos;
				SWIFT_COMPILATION_MODE = wholemodule;
				SWIFT_OPTIMIZATION_LEVEL = "-O";
				VALIDATE_PRODUCT = YES;
			};
			name = Release;
		};
		24EE9C0F28429762003A51B8 /* Debug */ = {
			isa = XCBuildConfiguration;
			baseConfigurationReference = F1118EFE43819E914585F6BF /* Pods-ForexAlerts.debug.xcconfig */;
			buildSettings = {
				ASSETCATALOG_COMPILER_APPICON_NAME = AppIcon;
				ASSETCATALOG_COMPILER_GLOBAL_ACCENT_COLOR_NAME = AccentColor;
				CODE_SIGN_STYLE = Automatic;
				CURRENT_PROJECT_VERSION = 1;
				DEVELOPMENT_TEAM = QTH7KBU56M;
				GENERATE_INFOPLIST_FILE = YES;
				INFOPLIST_FILE = ForexAlerts/Info.plist;
				INFOPLIST_KEY_UIApplicationSupportsIndirectInputEvents = YES;
				INFOPLIST_KEY_UILaunchStoryboardName = LaunchScreen;
				INFOPLIST_KEY_UIMainStoryboardFile = Main;
				INFOPLIST_KEY_UISupportedInterfaceOrientations = UIInterfaceOrientationPortrait;
				INFOPLIST_KEY_UISupportedInterfaceOrientations_iPad = "UIInterfaceOrientationPortrait UIInterfaceOrientationPortraitUpsideDown UIInterfaceOrientationLandscapeLeft UIInterfaceOrientationLandscapeRight";
				INFOPLIST_KEY_UISupportedInterfaceOrientations_iPhone = "UIInterfaceOrientationPortrait UIInterfaceOrientationLandscapeLeft UIInterfaceOrientationLandscapeRight";
				IPHONEOS_DEPLOYMENT_TARGET = 13.5;
				LD_RUNPATH_SEARCH_PATHS = (
					"$(inherited)",
					"@executable_path/Frameworks",
				);
				MARKETING_VERSION = 1.0;
				PRODUCT_BUNDLE_IDENTIFIER = com.jamesramputh.ForexAlerts;
				PRODUCT_NAME = "$(TARGET_NAME)";
				SWIFT_EMIT_LOC_STRINGS = YES;
				SWIFT_VERSION = 5.0;
				TARGETED_DEVICE_FAMILY = "1,2";
			};
			name = Debug;
		};
		24EE9C1028429762003A51B8 /* Release */ = {
			isa = XCBuildConfiguration;
			baseConfigurationReference = B322EAE9CDAE37F2AA21D2D9 /* Pods-ForexAlerts.release.xcconfig */;
			buildSettings = {
				ASSETCATALOG_COMPILER_APPICON_NAME = AppIcon;
				ASSETCATALOG_COMPILER_GLOBAL_ACCENT_COLOR_NAME = AccentColor;
				CODE_SIGN_STYLE = Automatic;
				CURRENT_PROJECT_VERSION = 1;
				DEVELOPMENT_TEAM = QTH7KBU56M;
				GENERATE_INFOPLIST_FILE = YES;
				INFOPLIST_FILE = ForexAlerts/Info.plist;
				INFOPLIST_KEY_UIApplicationSupportsIndirectInputEvents = YES;
				INFOPLIST_KEY_UILaunchStoryboardName = LaunchScreen;
				INFOPLIST_KEY_UIMainStoryboardFile = Main;
				INFOPLIST_KEY_UISupportedInterfaceOrientations = UIInterfaceOrientationPortrait;
				INFOPLIST_KEY_UISupportedInterfaceOrientations_iPad = "UIInterfaceOrientationPortrait UIInterfaceOrientationPortraitUpsideDown UIInterfaceOrientationLandscapeLeft UIInterfaceOrientationLandscapeRight";
				INFOPLIST_KEY_UISupportedInterfaceOrientations_iPhone = "UIInterfaceOrientationPortrait UIInterfaceOrientationLandscapeLeft UIInterfaceOrientationLandscapeRight";
				IPHONEOS_DEPLOYMENT_TARGET = 13.5;
				LD_RUNPATH_SEARCH_PATHS = (
					"$(inherited)",
					"@executable_path/Frameworks",
				);
				MARKETING_VERSION = 1.0;
				PRODUCT_BUNDLE_IDENTIFIER = com.jamesramputh.ForexAlerts;
				PRODUCT_NAME = "$(TARGET_NAME)";
				SWIFT_EMIT_LOC_STRINGS = YES;
				SWIFT_VERSION = 5.0;
				TARGETED_DEVICE_FAMILY = "1,2";
			};
			name = Release;
		};
/* End XCBuildConfiguration section */

/* Begin XCConfigurationList section */
		24EE9BF528429760003A51B8 /* Build configuration list for PBXProject "ForexAlerts" */ = {
			isa = XCConfigurationList;
			buildConfigurations = (
				24EE9C0C28429762003A51B8 /* Debug */,
				24EE9C0D28429762003A51B8 /* Release */,
			);
			defaultConfigurationIsVisible = 0;
			defaultConfigurationName = Release;
		};
		24EE9C0E28429762003A51B8 /* Build configuration list for PBXNativeTarget "ForexAlerts" */ = {
			isa = XCConfigurationList;
			buildConfigurations = (
				24EE9C0F28429762003A51B8 /* Debug */,
				24EE9C1028429762003A51B8 /* Release */,
			);
			defaultConfigurationIsVisible = 0;
			defaultConfigurationName = Release;
		};
/* End XCConfigurationList section */
	};
	rootObject = 24EE9BF228429760003A51B8 /* Project object */;
}
